
Microsoft Visual Studio Solution File, Format Version 12.00
# Visual Studio Version 17
VisualStudioVersion = 17.8.34525.116
MinimumVisualStudioVersion = 10.0.40219.1
Project("{FAE04EC0-301F-11D3-BF4B-00C04F79EFBC}") = "ABC_Retailers", "ABC_Retailers.csproj", "{8A3C6509-E0E4-4E60-863D-E32CAF855E65}"
EndProject
Global
	GlobalSection(SolutionConfigurationPlatforms) = preSolution
		Debug|Any CPU = Debug|Any CPU
		Release|Any CPU = Release|Any CPU
	EndGlobalSection
	GlobalSection(ProjectConfigurationPlatforms) = postSolution
		{8A3C6509-E0E4-4E60-863D-E32CAF855E65}.Debug|Any CPU.ActiveCfg = Debug|Any CPU
		{8A3C6509-E0E4-4E60-863D-E32CAF855E65}.Debug|Any CPU.Build.0 = Debug|Any CPU
		{8A3C6509-E0E4-4E60-863D-E32CAF855E65}.Release|Any CPU.ActiveCfg = Release|Any CPU
		{8A3C6509-E0E4-4E60-863D-E32CAF855E65}.Release|Any CPU.Build.0 = Release|Any CPU
	EndGlobalSection
	GlobalSection(SolutionProperties) = preSolution
		HideSolutionNode = FALSE
	EndGlobalSection
	GlobalSection(ExtensibilityGlobals) = postSolution
		SolutionGuid = {EE9635B3-4E31-4E80-845A-272D242BBAB5}
	EndGlobalSection
EndGlobal
